
Microsoft Visual Studio Solution File, Format Version 12.00
# Visual Studio Version 17
VisualStudioVersion = 17.0.31903.59
MinimumVisualStudioVersion = 10.0.40219.1
Project("{2150E333-8FDC-42A3-9474-1A3956D46DE8}") = "Core", "Core", "{FBF56CC3-7AE6-AD2D-3F14-7F97FD322CD6}"
EndProject
Project("{FAE04EC0-301F-11D3-BF4B-00C04F79EFBC}") = "TemoraColetaETT.Domain", "Core\TemoraColetaETT.Domain\TemoraColetaETT.Domain.csproj", "{505205C3-9D3D-472A-A680-404AF41D4CCC}"
EndProject
Project("{FAE04EC0-301F-11D3-BF4B-00C04F79EFBC}") = "TemoraColetaETT.Application", "Core\TemoraColetaETT.Application\TemoraColetaETT.Application.csproj", "{9620FD21-C646-432B-A999-70D4F3213783}"
EndProject
Project("{2150E333-8FDC-42A3-9474-1A3956D46DE8}") = "Infrastructure", "Infrastructure", "{DFEE68D8-A7D0-1A41-506C-9B74AA9A7B7B}"
EndProject
Project("{FAE04EC0-301F-11D3-BF4B-00C04F79EFBC}") = "TemoraColetaETT.Infrastructure", "Infrastructure\TemoraColetaETT.Infrastructure\TemoraColetaETT.Infrastructure.csproj", "{0DCD708C-AAB2-44C7-A4D1-FB91D56C52AF}"
EndProject
Project("{2150E333-8FDC-42A3-9474-1A3956D46DE8}") = "Presentation", "Presentation", "{06CFFD70-14AA-A959-A3BA-1B15D094E3B1}"
EndProject
Project("{FAE04EC0-301F-11D3-BF4B-00C04F79EFBC}") = "TemoraColetaETT.UI", "Presentation\TemoraColetaETT.UI\TemoraColetaETT.UI.csproj", "{93E40C00-4988-4C30-8D50-77C24CBF6D6F}"
EndProject
Project("{2150E333-8FDC-42A3-9474-1A3956D46DE8}") = "Tests", "Tests", "{0AB3BF05-4346-4AA6-1389-037BE0695223}"
EndProject
Project("{FAE04EC0-301F-11D3-BF4B-00C04F79EFBC}") = "TemoraColetaETT.Application.Tests", "Tests\TemoraColetaETT.Application.Tests\TemoraColetaETT.Application.Tests.csproj", "{9BF4D1FF-C633-4362-A276-6CD49EC1866B}"
EndProject
Project("{FAE04EC0-301F-11D3-BF4B-00C04F79EFBC}") = "TemoraColetaETT.Infrastructure.Tests", "Tests\TemoraColetaETT.Infrastructure.Tests\TemoraColetaETT.Infrastructure.Tests.csproj", "{84A4C8D1-7BF0-4B06-8923-5676FCA96AFE}"
EndProject
Project("{FAE04EC0-301F-11D3-BF4B-00C04F79EFBC}") = "TemoraColetaETT.UI.Tests", "Tests\TemoraColetaETT.UI.Tests\TemoraColetaETT.UI.Tests.csproj", "{A7AD7750-4B91-4834-AA57-D56EF3553727}"
EndProject
Global
	GlobalSection(SolutionConfigurationPlatforms) = preSolution
		Debug|Any CPU = Debug|Any CPU
		Debug|x64 = Debug|x64
		Debug|x86 = Debug|x86
		Release|Any CPU = Release|Any CPU
		Release|x64 = Release|x64
		Release|x86 = Release|x86
	EndGlobalSection
	GlobalSection(ProjectConfigurationPlatforms) = postSolution
		{505205C3-9D3D-472A-A680-404AF41D4CCC}.Debug|Any CPU.ActiveCfg = Debug|Any CPU
		{505205C3-9D3D-472A-A680-404AF41D4CCC}.Debug|Any CPU.Build.0 = Debug|Any CPU
		{505205C3-9D3D-472A-A680-404AF41D4CCC}.Debug|x64.ActiveCfg = Debug|Any CPU
		{505205C3-9D3D-472A-A680-404AF41D4CCC}.Debug|x64.Build.0 = Debug|Any CPU
		{505205C3-9D3D-472A-A680-404AF41D4CCC}.Debug|x86.ActiveCfg = Debug|Any CPU
		{505205C3-9D3D-472A-A680-404AF41D4CCC}.Debug|x86.Build.0 = Debug|Any CPU
		{505205C3-9D3D-472A-A680-404AF41D4CCC}.Release|Any CPU.ActiveCfg = Release|Any CPU
		{505205C3-9D3D-472A-A680-404AF41D4CCC}.Release|Any CPU.Build.0 = Release|Any CPU
		{505205C3-9D3D-472A-A680-404AF41D4CCC}.Release|x64.ActiveCfg = Release|Any CPU
		{505205C3-9D3D-472A-A680-404AF41D4CCC}.Release|x64.Build.0 = Release|Any CPU
		{505205C3-9D3D-472A-A680-404AF41D4CCC}.Release|x86.ActiveCfg = Release|Any CPU
		{505205C3-9D3D-472A-A680-404AF41D4CCC}.Release|x86.Build.0 = Release|Any CPU
		{9620FD21-C646-432B-A999-70D4F3213783}.Debug|Any CPU.ActiveCfg = Debug|Any CPU
		{9620FD21-C646-432B-A999-70D4F3213783}.Debug|Any CPU.Build.0 = Debug|Any CPU
		{9620FD21-C646-432B-A999-70D4F3213783}.Debug|x64.ActiveCfg = Debug|Any CPU
		{9620FD21-C646-432B-A999-70D4F3213783}.Debug|x64.Build.0 = Debug|Any CPU
		{9620FD21-C646-432B-A999-70D4F3213783}.Debug|x86.ActiveCfg = Debug|Any CPU
		{9620FD21-C646-432B-A999-70D4F3213783}.Debug|x86.Build.0 = Debug|Any CPU
		{9620FD21-C646-432B-A999-70D4F3213783}.Release|Any CPU.ActiveCfg = Release|Any CPU
		{9620FD21-C646-432B-A999-70D4F3213783}.Release|Any CPU.Build.0 = Release|Any CPU
		{9620FD21-C646-432B-A999-70D4F3213783}.Release|x64.ActiveCfg = Release|Any CPU
		{9620FD21-C646-432B-A999-70D4F3213783}.Release|x64.Build.0 = Release|Any CPU
		{9620FD21-C646-432B-A999-70D4F3213783}.Release|x86.ActiveCfg = Release|Any CPU
		{9620FD21-C646-432B-A999-70D4F3213783}.Release|x86.Build.0 = Release|Any CPU
		{0DCD708C-AAB2-44C7-A4D1-FB91D56C52AF}.Debug|Any CPU.ActiveCfg = Debug|Any CPU
		{0DCD708C-AAB2-44C7-A4D1-FB91D56C52AF}.Debug|Any CPU.Build.0 = Debug|Any CPU
		{0DCD708C-AAB2-44C7-A4D1-FB91D56C52AF}.Debug|x64.ActiveCfg = Debug|Any CPU
		{0DCD708C-AAB2-44C7-A4D1-FB91D56C52AF}.Debug|x64.Build.0 = Debug|Any CPU
		{0DCD708C-AAB2-44C7-A4D1-FB91D56C52AF}.Debug|x86.ActiveCfg = Debug|Any CPU
		{0DCD708C-AAB2-44C7-A4D1-FB91D56C52AF}.Debug|x86.Build.0 = Debug|Any CPU
		{0DCD708C-AAB2-44C7-A4D1-FB91D56C52AF}.Release|Any CPU.ActiveCfg = Release|Any CPU
		{0DCD708C-AAB2-44C7-A4D1-FB91D56C52AF}.Release|Any CPU.Build.0 = Release|Any CPU
		{0DCD708C-AAB2-44C7-A4D1-FB91D56C52AF}.Release|x64.ActiveCfg = Release|Any CPU
		{0DCD708C-AAB2-44C7-A4D1-FB91D56C52AF}.Release|x64.Build.0 = Release|Any CPU
		{0DCD708C-AAB2-44C7-A4D1-FB91D56C52AF}.Release|x86.ActiveCfg = Release|Any CPU
		{0DCD708C-AAB2-44C7-A4D1-FB91D56C52AF}.Release|x86.Build.0 = Release|Any CPU
		{93E40C00-4988-4C30-8D50-77C24CBF6D6F}.Debug|Any CPU.ActiveCfg = Debug|Any CPU
		{93E40C00-4988-4C30-8D50-77C24CBF6D6F}.Debug|Any CPU.Build.0 = Debug|Any CPU
		{93E40C00-4988-4C30-8D50-77C24CBF6D6F}.Debug|x64.ActiveCfg = Debug|Any CPU
		{93E40C00-4988-4C30-8D50-77C24CBF6D6F}.Debug|x64.Build.0 = Debug|Any CPU
		{93E40C00-4988-4C30-8D50-77C24CBF6D6F}.Debug|x86.ActiveCfg = Debug|Any CPU
		{93E40C00-4988-4C30-8D50-77C24CBF6D6F}.Debug|x86.Build.0 = Debug|Any CPU
		{93E40C00-4988-4C30-8D50-77C24CBF6D6F}.Release|Any CPU.ActiveCfg = Release|Any CPU
		{93E40C00-4988-4C30-8D50-77C24CBF6D6F}.Release|Any CPU.Build.0 = Release|Any CPU
		{93E40C00-4988-4C30-8D50-77C24CBF6D6F}.Release|x64.ActiveCfg = Release|Any CPU
		{93E40C00-4988-4C30-8D50-77C24CBF6D6F}.Release|x64.Build.0 = Release|Any CPU
		{93E40C00-4988-4C30-8D50-77C24CBF6D6F}.Release|x86.ActiveCfg = Release|Any CPU
		{93E40C00-4988-4C30-8D50-77C24CBF6D6F}.Release|x86.Build.0 = Release|Any CPU
		{9BF4D1FF-C633-4362-A276-6CD49EC1866B}.Debug|Any CPU.ActiveCfg = Debug|Any CPU
		{9BF4D1FF-C633-4362-A276-6CD49EC1866B}.Debug|Any CPU.Build.0 = Debug|Any CPU
		{9BF4D1FF-C633-4362-A276-6CD49EC1866B}.Debug|x64.ActiveCfg = Debug|Any CPU
		{9BF4D1FF-C633-4362-A276-6CD49EC1866B}.Debug|x64.Build.0 = Debug|Any CPU
		{9BF4D1FF-C633-4362-A276-6CD49EC1866B}.Debug|x86.ActiveCfg = Debug|Any CPU
		{9BF4D1FF-C633-4362-A276-6CD49EC1866B}.Debug|x86.Build.0 = Debug|Any CPU
		{9BF4D1FF-C633-4362-A276-6CD49EC1866B}.Release|Any CPU.ActiveCfg = Release|Any CPU
		{9BF4D1FF-C633-4362-A276-6CD49EC1866B}.Release|Any CPU.Build.0 = Release|Any CPU
		{9BF4D1FF-C633-4362-A276-6CD49EC1866B}.Release|x64.ActiveCfg = Release|Any CPU
		{9BF4D1FF-C633-4362-A276-6CD49EC1866B}.Release|x64.Build.0 = Release|Any CPU
		{9BF4D1FF-C633-4362-A276-6CD49EC1866B}.Release|x86.ActiveCfg = Release|Any CPU
		{9BF4D1FF-C633-4362-A276-6CD49EC1866B}.Release|x86.Build.0 = Release|Any CPU
		{84A4C8D1-7BF0-4B06-8923-5676FCA96AFE}.Debug|Any CPU.ActiveCfg = Debug|Any CPU
		{84A4C8D1-7BF0-4B06-8923-5676FCA96AFE}.Debug|Any CPU.Build.0 = Debug|Any CPU
		{84A4C8D1-7BF0-4B06-8923-5676FCA96AFE}.Debug|x64.ActiveCfg = Debug|Any CPU
		{84A4C8D1-7BF0-4B06-8923-5676FCA96AFE}.Debug|x64.Build.0 = Debug|Any CPU
		{84A4C8D1-7BF0-4B06-8923-5676FCA96AFE}.Debug|x86.ActiveCfg = Debug|Any CPU
		{84A4C8D1-7BF0-4B06-8923-5676FCA96AFE}.Debug|x86.Build.0 = Debug|Any CPU
		{84A4C8D1-7BF0-4B06-8923-5676FCA96AFE}.Release|Any CPU.ActiveCfg = Release|Any CPU
		{84A4C8D1-7BF0-4B06-8923-5676FCA96AFE}.Release|Any CPU.Build.0 = Release|Any CPU
		{84A4C8D1-7BF0-4B06-8923-5676FCA96AFE}.Release|x64.ActiveCfg = Release|Any CPU
		{84A4C8D1-7BF0-4B06-8923-5676FCA96AFE}.Release|x64.Build.0 = Release|Any CPU
		{84A4C8D1-7BF0-4B06-8923-5676FCA96AFE}.Release|x86.ActiveCfg = Release|Any CPU
		{84A4C8D1-7BF0-4B06-8923-5676FCA96AFE}.Release|x86.Build.0 = Release|Any CPU
		{A7AD7750-4B91-4834-AA57-D56EF3553727}.Debug|Any CPU.ActiveCfg = Debug|Any CPU
		{A7AD7750-4B91-4834-AA57-D56EF3553727}.Debug|Any CPU.Build.0 = Debug|Any CPU
		{A7AD7750-4B91-4834-AA57-D56EF3553727}.Debug|x64.ActiveCfg = Debug|Any CPU
		{A7AD7750-4B91-4834-AA57-D56EF3553727}.Debug|x64.Build.0 = Debug|Any CPU
		{A7AD7750-4B91-4834-AA57-D56EF3553727}.Debug|x86.ActiveCfg = Debug|Any CPU
		{A7AD7750-4B91-4834-AA57-D56EF3553727}.Debug|x86.Build.0 = Debug|Any CPU
		{A7AD7750-4B91-4834-AA57-D56EF3553727}.Release|Any CPU.ActiveCfg = Release|Any CPU
		{A7AD7750-4B91-4834-AA57-D56EF3553727}.Release|Any CPU.Build.0 = Release|Any CPU
		{A7AD7750-4B91-4834-AA57-D56EF3553727}.Release|x64.ActiveCfg = Release|Any CPU
		{A7AD7750-4B91-4834-AA57-D56EF3553727}.Release|x64.Build.0 = Release|Any CPU
		{A7AD7750-4B91-4834-AA57-D56EF3553727}.Release|x86.ActiveCfg = Release|Any CPU
		{A7AD7750-4B91-4834-AA57-D56EF3553727}.Release|x86.Build.0 = Release|Any CPU
	EndGlobalSection
	GlobalSection(SolutionProperties) = preSolution
		HideSolutionNode = FALSE
	EndGlobalSection
	GlobalSection(NestedProjects) = preSolution
		{505205C3-9D3D-472A-A680-404AF41D4CCC} = {FBF56CC3-7AE6-AD2D-3F14-7F97FD322CD6}
		{9620FD21-C646-432B-A999-70D4F3213783} = {FBF56CC3-7AE6-AD2D-3F14-7F97FD322CD6}
		{0DCD708C-AAB2-44C7-A4D1-FB91D56C52AF} = {DFEE68D8-A7D0-1A41-506C-9B74AA9A7B7B}
		{93E40C00-4988-4C30-8D50-77C24CBF6D6F} = {06CFFD70-14AA-A959-A3BA-1B15D094E3B1}
		{9BF4D1FF-C633-4362-A276-6CD49EC1866B} = {0AB3BF05-4346-4AA6-1389-037BE0695223}
		{84A4C8D1-7BF0-4B06-8923-5676FCA96AFE} = {0AB3BF05-4346-4AA6-1389-037BE0695223}
		{A7AD7750-4B91-4834-AA57-D56EF3553727} = {0AB3BF05-4346-4AA6-1389-037BE0695223}
	EndGlobalSection
	GlobalSection(ExtensibilityGlobals) = postSolution
		SolutionGuid = {35C7033A-BB2C-4117-A697-41026CB95187}
	EndGlobalSection
EndGlobal
